# THIS IS AN AUTOGENERATED FILE. DO NOT EDIT THIS FILE DIRECTLY.
# yarn lockfile v1


can-use-dom@^0.1.0:
  version "0.1.0"
  resolved "https://registry.yarnpkg.com/can-use-dom/-/can-use-dom-0.1.0.tgz#22cc4a34a0abc43950f42c6411024a3f6366b45a"
  integrity sha1-IsxKNKCrxDlQ9CxkEQJKP2NmtFo=

core-js@^3.0.1:
  version "3.6.5"
  resolved "https://registry.yarnpkg.com/core-js/-/core-js-3.6.5.tgz#7395dc273af37fb2e50e9bd3d9fe841285231d1a"
  integrity sha512-vZVEEwZoIsI+vPEuoF9Iqf5H7/M3eeQqWlQnYa8FSKKePuYTf5MWnxb5SDAzCa60b3JBRS5g9b+Dq7b1y/RCrA==

lodash.debounce@^4.0.8:
  version "4.0.8"
  resolved "https://registry.yarnpkg.com/lodash.debounce/-/lodash.debounce-4.0.8.tgz#82d79bff30a67c4005ffd5e2515300ad9ca4d7af"
  integrity sha1-gteb/zCmfEAF/9XiUVMArZyk168=

lodash.memoize@^4.1.2:
  version "4.1.2"
  resolved "https://registry.yarnpkg.com/lodash.memoize/-/lodash.memoize-4.1.2.tgz#bcc6c49a42a2840ed997f323eada5ecd182e0bfe"
  integrity sha1-vMbEmkKihA7Zl/Mj6tpezRguC/4=

lodash.throttle@^4.1.1:
  version "4.1.1"
  resolved "https://registry.yarnpkg.com/lodash.throttle/-/lodash.throttle-4.1.1.tgz#c23e91b710242ac70c37f1e1cda9274cc39bf2f4"
  integrity sha1-wj6RtxAkKscMN/HhzaknTMOb8vQ=

resize-observer-polyfill@^1.5.1:
  version "1.5.1"
  resolved "https://registry.yarnpkg.com/resize-observer-polyfill/-/resize-observer-polyfill-1.5.1.tgz#0e9020dd3d21024458d4ebd27e23e40269810464"
  integrity sha512-LwZrotdHOo12nQuZlHEmtuXdqGoOD0OhaxopaNFxWzInpEgaLWoVuAMbTzixuosCx2nEG58ngzW3vxdWoxIgdg==

simplebar@^5.1.0:
  version "5.1.0"
  resolved "https://registry.yarnpkg.com/simplebar/-/simplebar-5.1.0.tgz#15437ace314ec888accd7d8f24ada672e9bb2717"
  integrity sha512-bdi1SleK1YOSnfeUjo5UQXt/79zNjsCJVEfzrm6photmGi2aU6x0l7rX4KAGcrtj5AwsWPBVXgDyYAqbbpnuRg==
  dependencies:
    can-use-dom "^0.1.0"
    core-js "^3.0.1"
    lodash.debounce "^4.0.8"
    lodash.memoize "^4.1.2"
    lodash.throttle "^4.1.1"
    resize-observer-polyfill "^1.5.1"

simplelightbox@^2.1.2:
  version "2.1.2"
  resolved "https://registry.yarnpkg.com/simplelightbox/-/simplelightbox-2.1.2.tgz#93a41eeceb02666645a1d987b0de289877473fa9"
  integrity sha512-9h/apZ0ta08DZu04Azpdf/t1EZjQVyENfstnaIiyG/NLuz2ptFDmhwrqbygQqJ7Kw5I6ghgUZCH1D4AW9rfXBA==
